
Microsoft Visual Studio Solution File, Format Version 12.00
# Visual Studio Version 17
VisualStudioVersion = 17.7.34031.279
MinimumVisualStudioVersion = 10.0.40219.1
Project("{FAE04EC0-301F-11D3-BF4B-00C04F79EFBC}") = "v3", "v3.csproj", "{F9C82ED3-DD4D-4E5B-A56A-AFFE60216ED5}"
EndProject
Global
	GlobalSection(SolutionConfigurationPlatforms) = preSolution
		Debug|Any CPU = Debug|Any CPU
		Release|Any CPU = Release|Any CPU
	EndGlobalSection
	GlobalSection(ProjectConfigurationPlatforms) = postSolution
		{F9C82ED3-DD4D-4E5B-A56A-AFFE60216ED5}.Debug|Any CPU.ActiveCfg = Debug|Any CPU
		{F9C82ED3-DD4D-4E5B-A56A-AFFE60216ED5}.Debug|Any CPU.Build.0 = Debug|Any CPU
		{F9C82ED3-DD4D-4E5B-A56A-AFFE60216ED5}.Release|Any CPU.ActiveCfg = Release|Any CPU
		{F9C82ED3-DD4D-4E5B-A56A-AFFE60216ED5}.Release|Any CPU.Build.0 = Release|Any CPU
	EndGlobalSection
	GlobalSection(SolutionProperties) = preSolution
		HideSolutionNode = FALSE
	EndGlobalSection
	GlobalSection(ExtensibilityGlobals) = postSolution
		SolutionGuid = {E912A074-1629-4185-B403-C379F49956E6}
	EndGlobalSection
EndGlobal
